// !$*UTF8*$!
{
	archiveVersion = 1;
	classes = {
	};
	objectVersion = 48;
	objects = {

/* Begin PBXBuildFile section */
		312898172113654B007D36D1 /* TypeCell.swift in Sources */ = {isa = PBXBuildFile; fileRef = 312898162113654B007D36D1 /* TypeCell.swift */; };
		3128981921136BBF007D36D1 /* AnotherMoviePageCell.swift in Sources */ = {isa = PBXBuildFile; fileRef = 3128981821136BBF007D36D1 /* AnotherMoviePageCell.swift */; };
		3133B85B210CC5C300D096A0 /* AppDelegate.swift in Sources */ = {isa = PBXBuildFile; fileRef = 3133B85A210CC5C300D096A0 /* AppDelegate.swift */; };
		3133B85D210CC5C300D096A0 /* ViewController.swift in Sources */ = {isa = PBXBuildFile; fileRef = 3133B85C210CC5C300D096A0 /* ViewController.swift */; };
		3133B860210CC5C300D096A0 /* Main.storyboard in Resources */ = {isa = PBXBuildFile; fileRef = 3133B85E210CC5C300D096A0 /* Main.storyboard */; };
		3133B862210CC5C300D096A0 /* Assets.xcassets in Resources */ = {isa = PBXBuildFile; fileRef = 3133B861210CC5C300D096A0 /* Assets.xcassets */; };
		3133B865210CC5C300D096A0 /* LaunchScreen.storyboard in Resources */ = {isa = PBXBuildFile; fileRef = 3133B863210CC5C300D096A0 /* LaunchScreen.storyboard */; };
		3133B874210CC86600D096A0 /* TextSizeContant.swift in Sources */ = {isa = PBXBuildFile; fileRef = 3133B86E210CC86600D096A0 /* TextSizeContant.swift */; };
		3133B876210CC86600D096A0 /* ColorExtension.swift in Sources */ = {isa = PBXBuildFile; fileRef = 3133B872210CC86600D096A0 /* ColorExtension.swift */; };
		3133B877210CC86600D096A0 /* StringExtension.swift in Sources */ = {isa = PBXBuildFile; fileRef = 3133B873210CC86600D096A0 /* StringExtension.swift */; };
		3133B87A210CC96200D096A0 /* UICustomLoadingView.swift in Sources */ = {isa = PBXBuildFile; fileRef = 3133B879210CC96200D096A0 /* UICustomLoadingView.swift */; };
		3133B9D9210CCA1700D096A0 /* Movie.swift in Sources */ = {isa = PBXBuildFile; fileRef = 3133B9D7210CCA1700D096A0 /* Movie.swift */; };
		3133B9DA210CCA1700D096A0 /* MovieRSP.swift in Sources */ = {isa = PBXBuildFile; fileRef = 3133B9D8210CCA1700D096A0 /* MovieRSP.swift */; };
		3133B9DD210CCA5200D096A0 /* GetImageURLUtil.swift in Sources */ = {isa = PBXBuildFile; fileRef = 3133B9DC210CCA5200D096A0 /* GetImageURLUtil.swift */; };
		3133B9EB210CCA8300D096A0 /* HomeVC.swift in Sources */ = {isa = PBXBuildFile; fileRef = 3133B9DF210CCA8300D096A0 /* HomeVC.swift */; };
		3133B9EC210CCA8300D096A0 /* AnotherMovieCell.swift in Sources */ = {isa = PBXBuildFile; fileRef = 3133B9E3210CCA8300D096A0 /* AnotherMovieCell.swift */; };
		3133B9ED210CCA8300D096A0 /* PopularMovieCell.swift in Sources */ = {isa = PBXBuildFile; fileRef = 3133B9E5210CCA8300D096A0 /* PopularMovieCell.swift */; };
		3133B9EE210CCA8300D096A0 /* HomeMovieVC.swift in Sources */ = {isa = PBXBuildFile; fileRef = 3133B9E7210CCA8300D096A0 /* HomeMovieVC.swift */; };
		3133B9EF210CCA8300D096A0 /* HomeTVVC.swift in Sources */ = {isa = PBXBuildFile; fileRef = 3133B9EA210CCA8300D096A0 /* HomeTVVC.swift */; };
		3153110721120E8D00440F3A /* PopularMovieItemCell.swift in Sources */ = {isa = PBXBuildFile; fileRef = 3153110621120E8D00440F3A /* PopularMovieItemCell.swift */; };
		31A4D99D211604D70067060D /* DetailMovieViewController.swift in Sources */ = {isa = PBXBuildFile; fileRef = 31A4D99C211604D70067060D /* DetailMovieViewController.swift */; };
		31B200F1210E0B64008BED25 /* ColorCons.swift in Sources */ = {isa = PBXBuildFile; fileRef = 31B200F0210E0B64008BED25 /* ColorCons.swift */; };
		31B200F3210E11CB008BED25 /* ApiCons.swift in Sources */ = {isa = PBXBuildFile; fileRef = 31B200F2210E11CB008BED25 /* ApiCons.swift */; };
		31CB8CB52113361500716676 /* IntegerExtension.swift in Sources */ = {isa = PBXBuildFile; fileRef = 31CB8CB42113361500716676 /* IntegerExtension.swift */; };
		31E9EE6D2114031500E7898D /* AnotherMoveItemCell.swift in Sources */ = {isa = PBXBuildFile; fileRef = 31E9EE6C2114031500E7898D /* AnotherMoveItemCell.swift */; };
		31E9EE732114783C00E7898D /* SecondMovieCell.swift in Sources */ = {isa = PBXBuildFile; fileRef = 31E9EE722114783B00E7898D /* SecondMovieCell.swift */; };
		31E9EE7521148B8600E7898D /* SecondMovieItemCell.swift in Sources */ = {isa = PBXBuildFile; fileRef = 31E9EE7421148B8600E7898D /* SecondMovieItemCell.swift */; };
		31E9EE772114983400E7898D /* FloatExtension.swift in Sources */ = {isa = PBXBuildFile; fileRef = 31E9EE762114983400E7898D /* FloatExtension.swift */; };
		31E9EE792114984D00E7898D /* DoubleExtension.swift in Sources */ = {isa = PBXBuildFile; fileRef = 31E9EE782114984D00E7898D /* DoubleExtension.swift */; };
		5D115B0F55FE55324254FF04 /* Pods_ToRingMovie.framework in Frameworks */ = {isa = PBXBuildFile; fileRef = 96B2B07A75E861BD7F8E54A0 /* Pods_ToRingMovie.framework */; };
/* End PBXBuildFile section */

/* Begin PBXFileReference section */
		312898162113654B007D36D1 /* TypeCell.swift */ = {isa = PBXFileReference; lastKnownFileType = sourcecode.swift; path = TypeCell.swift; sourceTree = "<group>"; };
		3128981821136BBF007D36D1 /* AnotherMoviePageCell.swift */ = {isa = PBXFileReference; lastKnownFileType = sourcecode.swift; path = AnotherMoviePageCell.swift; sourceTree = "<group>"; };
		3133B857210CC5C300D096A0 /* ToRingMovie.app */ = {isa = PBXFileReference; explicitFileType = wrapper.application; includeInIndex = 0; path = ToRingMovie.app; sourceTree = BUILT_PRODUCTS_DIR; };
		3133B85A210CC5C300D096A0 /* AppDelegate.swift */ = {isa = PBXFileReference; lastKnownFileType = sourcecode.swift; path = AppDelegate.swift; sourceTree = "<group>"; };
		3133B85C210CC5C300D096A0 /* ViewController.swift */ = {isa = PBXFileReference; lastKnownFileType = sourcecode.swift; path = ViewController.swift; sourceTree = "<group>"; };
		3133B85F210CC5C300D096A0 /* Base */ = {isa = PBXFileReference; lastKnownFileType = file.storyboard; name = Base; path = Base.lproj/Main.storyboard; sourceTree = "<group>"; };
		3133B861210CC5C300D096A0 /* Assets.xcassets */ = {isa = PBXFileReference; lastKnownFileType = folder.assetcatalog; path = Assets.xcassets; sourceTree = "<group>"; };
		3133B864210CC5C300D096A0 /* Base */ = {isa = PBXFileReference; lastKnownFileType = file.storyboard; name = Base; path = Base.lproj/LaunchScreen.storyboard; sourceTree = "<group>"; };
		3133B866210CC5C300D096A0 /* Info.plist */ = {isa = PBXFileReference; lastKnownFileType = text.plist.xml; path = Info.plist; sourceTree = "<group>"; };
		3133B86E210CC86600D096A0 /* TextSizeContant.swift */ = {isa = PBXFileReference; fileEncoding = 4; lastKnownFileType = sourcecode.swift; path = TextSizeContant.swift; sourceTree = "<group>"; };
		3133B872210CC86600D096A0 /* ColorExtension.swift */ = {isa = PBXFileReference; fileEncoding = 4; lastKnownFileType = sourcecode.swift; path = ColorExtension.swift; sourceTree = "<group>"; };
		3133B873210CC86600D096A0 /* StringExtension.swift */ = {isa = PBXFileReference; fileEncoding = 4; lastKnownFileType = sourcecode.swift; path = StringExtension.swift; sourceTree = "<group>"; };
		3133B879210CC96200D096A0 /* UICustomLoadingView.swift */ = {isa = PBXFileReference; fileEncoding = 4; lastKnownFileType = sourcecode.swift; path = UICustomLoadingView.swift; sourceTree = "<group>"; };
		3133B9D7210CCA1700D096A0 /* Movie.swift */ = {isa = PBXFileReference; fileEncoding = 4; lastKnownFileType = sourcecode.swift; path = Movie.swift; sourceTree = "<group>"; };
		3133B9D8210CCA1700D096A0 /* MovieRSP.swift */ = {isa = PBXFileReference; fileEncoding = 4; lastKnownFileType = sourcecode.swift; path = MovieRSP.swift; sourceTree = "<group>"; };
		3133B9DC210CCA5200D096A0 /* GetImageURLUtil.swift */ = {isa = PBXFileReference; fileEncoding = 4; lastKnownFileType = sourcecode.swift; path = GetImageURLUtil.swift; sourceTree = "<group>"; };
		3133B9DF210CCA8300D096A0 /* HomeVC.swift */ = {isa = PBXFileReference; fileEncoding = 4; lastKnownFileType = sourcecode.swift; path = HomeVC.swift; sourceTree = "<group>"; };
		3133B9E3210CCA8300D096A0 /* AnotherMovieCell.swift */ = {isa = PBXFileReference; fileEncoding = 4; lastKnownFileType = sourcecode.swift; path = AnotherMovieCell.swift; sourceTree = "<group>"; };
		3133B9E5210CCA8300D096A0 /* PopularMovieCell.swift */ = {isa = PBXFileReference; fileEncoding = 4; lastKnownFileType = sourcecode.swift; path = PopularMovieCell.swift; sourceTree = "<group>"; };
		3133B9E7210CCA8300D096A0 /* HomeMovieVC.swift */ = {isa = PBXFileReference; fileEncoding = 4; lastKnownFileType = sourcecode.swift; path = HomeMovieVC.swift; sourceTree = "<group>"; };
		3133B9EA210CCA8300D096A0 /* HomeTVVC.swift */ = {isa = PBXFileReference; fileEncoding = 4; lastKnownFileType = sourcecode.swift; path = HomeTVVC.swift; sourceTree = "<group>"; };
		3153110621120E8D00440F3A /* PopularMovieItemCell.swift */ = {isa = PBXFileReference; lastKnownFileType = sourcecode.swift; path = PopularMovieItemCell.swift; sourceTree = "<group>"; };
		31A4D99C211604D70067060D /* DetailMovieViewController.swift */ = {isa = PBXFileReference; lastKnownFileType = sourcecode.swift; path = DetailMovieViewController.swift; sourceTree = "<group>"; };
		31B200F0210E0B64008BED25 /* ColorCons.swift */ = {isa = PBXFileReference; lastKnownFileType = sourcecode.swift; path = ColorCons.swift; sourceTree = "<group>"; };
		31B200F2210E11CB008BED25 /* ApiCons.swift */ = {isa = PBXFileReference; lastKnownFileType = sourcecode.swift; path = ApiCons.swift; sourceTree = "<group>"; };
		31CB8CB42113361500716676 /* IntegerExtension.swift */ = {isa = PBXFileReference; lastKnownFileType = sourcecode.swift; path = IntegerExtension.swift; sourceTree = "<group>"; };
		31E9EE6C2114031500E7898D /* AnotherMoveItemCell.swift */ = {isa = PBXFileReference; lastKnownFileType = sourcecode.swift; path = AnotherMoveItemCell.swift; sourceTree = "<group>"; };
		31E9EE722114783B00E7898D /* SecondMovieCell.swift */ = {isa = PBXFileReference; fileEncoding = 4; lastKnownFileType = sourcecode.swift; path = SecondMovieCell.swift; sourceTree = "<group>"; };
		31E9EE7421148B8600E7898D /* SecondMovieItemCell.swift */ = {isa = PBXFileReference; lastKnownFileType = sourcecode.swift; path = SecondMovieItemCell.swift; sourceTree = "<group>"; };
		31E9EE762114983400E7898D /* FloatExtension.swift */ = {isa = PBXFileReference; lastKnownFileType = sourcecode.swift; path = FloatExtension.swift; sourceTree = "<group>"; };
		31E9EE782114984D00E7898D /* DoubleExtension.swift */ = {isa = PBXFileReference; lastKnownFileType = sourcecode.swift; path = DoubleExtension.swift; sourceTree = "<group>"; };
		356AB1BAE1ED690FBE46F920 /* Pods-ToRingMovie.release.xcconfig */ = {isa = PBXFileReference; includeInIndex = 1; lastKnownFileType = text.xcconfig; name = "Pods-ToRingMovie.release.xcconfig"; path = "Pods/Target Support Files/Pods-ToRingMovie/Pods-ToRingMovie.release.xcconfig"; sourceTree = "<group>"; };
		42F726DDF834809F6CFD3E81 /* Pods-ToRingMovie.debug.xcconfig */ = {isa = PBXFileReference; includeInIndex = 1; lastKnownFileType = text.xcconfig; name = "Pods-ToRingMovie.debug.xcconfig"; path = "Pods/Target Support Files/Pods-ToRingMovie/Pods-ToRingMovie.debug.xcconfig"; sourceTree = "<group>"; };
		96B2B07A75E861BD7F8E54A0 /* Pods_ToRingMovie.framework */ = {isa = PBXFileReference; explicitFileType = wrapper.framework; includeInIndex = 0; path = Pods_ToRingMovie.framework; sourceTree = BUILT_PRODUCTS_DIR; };
/* End PBXFileReference section */

/* Begin PBXFrameworksBuildPhase section */
		3133B854210CC5C300D096A0 /* Frameworks */ = {
			isa = PBXFrameworksBuildPhase;
			buildActionMask = 2147483647;
			files = (
				5D115B0F55FE55324254FF04 /* Pods_ToRingMovie.framework in Frameworks */,
			);
			runOnlyForDeploymentPostprocessing = 0;
		};
/* End PBXFrameworksBuildPhase section */

/* Begin PBXGroup section */
		1E0F945D32D5EA756FB7E813 /* Frameworks */ = {
			isa = PBXGroup;
			children = (
				96B2B07A75E861BD7F8E54A0 /* Pods_ToRingMovie.framework */,
			);
			name = Frameworks;
			sourceTree = "<group>";
		};
		27E1985925C5D72F137A8EA8 /* Pods */ = {
			isa = PBXGroup;
			children = (
				42F726DDF834809F6CFD3E81 /* Pods-ToRingMovie.debug.xcconfig */,
				356AB1BAE1ED690FBE46F920 /* Pods-ToRingMovie.release.xcconfig */,
			);
			name = Pods;
			sourceTree = "<group>";
		};
		3133B84E210CC5C300D096A0 = {
			isa = PBXGroup;
			children = (
				3133B859210CC5C300D096A0 /* ToRingMovie */,
				3133B858210CC5C300D096A0 /* Products */,
				27E1985925C5D72F137A8EA8 /* Pods */,
				1E0F945D32D5EA756FB7E813 /* Frameworks */,
			);
			sourceTree = "<group>";
		};
		3133B858210CC5C300D096A0 /* Products */ = {
			isa = PBXGroup;
			children = (
				3133B857210CC5C300D096A0 /* ToRingMovie.app */,
			);
			name = Products;
			sourceTree = "<group>";
		};
		3133B859210CC5C300D096A0 /* ToRingMovie */ = {
			isa = PBXGroup;
			children = (
				31A4D99E211604E50067060D /* DetailMovie */,
				31B200EF210E0B38008BED25 /* AppCons */,
				3133B9DE210CCA8300D096A0 /* Home */,
				3133B9DB210CCA5200D096A0 /* Util */,
				3133B9D6210CCA1700D096A0 /* Model */,
				3133B878210CC96200D096A0 /* CustomView */,
				3133B86C210CC86600D096A0 /* Base */,
				3133B85A210CC5C300D096A0 /* AppDelegate.swift */,
				3133B85C210CC5C300D096A0 /* ViewController.swift */,
				3133B85E210CC5C300D096A0 /* Main.storyboard */,
				3133B861210CC5C300D096A0 /* Assets.xcassets */,
				3133B863210CC5C300D096A0 /* LaunchScreen.storyboard */,
				3133B866210CC5C300D096A0 /* Info.plist */,
			);
			path = ToRingMovie;
			sourceTree = "<group>";
		};
		3133B86C210CC86600D096A0 /* Base */ = {
			isa = PBXGroup;
			children = (
				3133B86D210CC86600D096A0 /* Constant */,
				3133B871210CC86600D096A0 /* Extension */,
			);
			path = Base;
			sourceTree = "<group>";
		};
		3133B86D210CC86600D096A0 /* Constant */ = {
			isa = PBXGroup;
			children = (
				3133B86E210CC86600D096A0 /* TextSizeContant.swift */,
			);
			path = Constant;
			sourceTree = "<group>";
		};
		3133B871210CC86600D096A0 /* Extension */ = {
			isa = PBXGroup;
			children = (
				3133B872210CC86600D096A0 /* ColorExtension.swift */,
				3133B873210CC86600D096A0 /* StringExtension.swift */,
				31CB8CB42113361500716676 /* IntegerExtension.swift */,
				31E9EE762114983400E7898D /* FloatExtension.swift */,
				31E9EE782114984D00E7898D /* DoubleExtension.swift */,
			);
			path = Extension;
			sourceTree = "<group>";
		};
		3133B878210CC96200D096A0 /* CustomView */ = {
			isa = PBXGroup;
			children = (
				3133B879210CC96200D096A0 /* UICustomLoadingView.swift */,
			);
			path = CustomView;
			sourceTree = "<group>";
		};
		3133B9D6210CCA1700D096A0 /* Model */ = {
			isa = PBXGroup;
			children = (
				3133B9D7210CCA1700D096A0 /* Movie.swift */,
				3133B9D8210CCA1700D096A0 /* MovieRSP.swift */,
			);
			path = Model;
			sourceTree = "<group>";
		};
		3133B9DB210CCA5200D096A0 /* Util */ = {
			isa = PBXGroup;
			children = (
				3133B9DC210CCA5200D096A0 /* GetImageURLUtil.swift */,
			);
			path = Util;
			sourceTree = "<group>";
		};
		3133B9DE210CCA8300D096A0 /* Home */ = {
			isa = PBXGroup;
			children = (
				3133B9DF210CCA8300D096A0 /* HomeVC.swift */,
				3133B9E0210CCA8300D096A0 /* Movie */,
				3133B9E8210CCA8300D096A0 /* TVShow */,
			);
			path = Home;
			sourceTree = "<group>";
		};
		3133B9E0210CCA8300D096A0 /* Movie */ = {
			isa = PBXGroup;
			children = (
				3133B9E1210CCA8300D096A0 /* Cell */,
				3133B9E6210CCA8300D096A0 /* ViewController */,
			);
			path = Movie;
			sourceTree = "<group>";
		};
		3133B9E1210CCA8300D096A0 /* Cell */ = {
			isa = PBXGroup;
			children = (
				3133B9E2210CCA8300D096A0 /* AnotherMovie */,
				3133B9E4210CCA8300D096A0 /* Popular */,
			);
			path = Cell;
			sourceTree = "<group>";
		};
		3133B9E2210CCA8300D096A0 /* AnotherMovie */ = {
			isa = PBXGroup;
			children = (
				31E9EE6F211476CA00E7898D /* Option2 */,
				31E9EE6E2114769800E7898D /* Option1 */,
			);
			path = AnotherMovie;
			sourceTree = "<group>";
		};
		3133B9E4210CCA8300D096A0 /* Popular */ = {
			isa = PBXGroup;
			children = (
				3133B9E5210CCA8300D096A0 /* PopularMovieCell.swift */,
				3153110621120E8D00440F3A /* PopularMovieItemCell.swift */,
			);
			path = Popular;
			sourceTree = "<group>";
		};
		3133B9E6210CCA8300D096A0 /* ViewController */ = {
			isa = PBXGroup;
			children = (
				3133B9E7210CCA8300D096A0 /* HomeMovieVC.swift */,
			);
			path = ViewController;
			sourceTree = "<group>";
		};
		3133B9E8210CCA8300D096A0 /* TVShow */ = {
			isa = PBXGroup;
			children = (
				3133B9E9210CCA8300D096A0 /* ViewController */,
			);
			path = TVShow;
			sourceTree = "<group>";
		};
		3133B9E9210CCA8300D096A0 /* ViewController */ = {
			isa = PBXGroup;
			children = (
				3133B9EA210CCA8300D096A0 /* HomeTVVC.swift */,
			);
			path = ViewController;
			sourceTree = "<group>";
		};
		31A4D99E211604E50067060D /* DetailMovie */ = {
			isa = PBXGroup;
			children = (
				31A4D99C211604D70067060D /* DetailMovieViewController.swift */,
			);
			path = DetailMovie;
			sourceTree = "<group>";
		};
		31B200EF210E0B38008BED25 /* AppCons */ = {
			isa = PBXGroup;
			children = (
				31B200F0210E0B64008BED25 /* ColorCons.swift */,
				31B200F2210E11CB008BED25 /* ApiCons.swift */,
			);
			path = AppCons;
			sourceTree = "<group>";
		};
		31E9EE6E2114769800E7898D /* Option1 */ = {
			isa = PBXGroup;
			children = (
				3133B9E3210CCA8300D096A0 /* AnotherMovieCell.swift */,
				312898162113654B007D36D1 /* TypeCell.swift */,
				3128981821136BBF007D36D1 /* AnotherMoviePageCell.swift */,
				31E9EE6C2114031500E7898D /* AnotherMoveItemCell.swift */,
			);
			path = Option1;
			sourceTree = "<group>";
		};
		31E9EE6F211476CA00E7898D /* Option2 */ = {
			isa = PBXGroup;
			children = (
				31E9EE722114783B00E7898D /* SecondMovieCell.swift */,
				31E9EE7421148B8600E7898D /* SecondMovieItemCell.swift */,
			);
			path = Option2;
			sourceTree = "<group>";
		};
/* End PBXGroup section */

/* Begin PBXNativeTarget section */
		3133B856210CC5C300D096A0 /* ToRingMovie */ = {
			isa = PBXNativeTarget;
			buildConfigurationList = 3133B869210CC5C300D096A0 /* Build configuration list for PBXNativeTarget "ToRingMovie" */;
			buildPhases = (
				4983AA0E53D0ECF9F983B219 /* [CP] Check Pods Manifest.lock */,
				3133B853210CC5C300D096A0 /* Sources */,
				3133B854210CC5C300D096A0 /* Frameworks */,
				3133B855210CC5C300D096A0 /* Resources */,
				BCFEB2733A7A61FB0B3ECF33 /* [CP] Embed Pods Frameworks */,
				26A7CAF7D7B4142FDDE84408 /* [CP] Copy Pods Resources */,
			);
			buildRules = (
			);
			dependencies = (
			);
			name = ToRingMovie;
			productName = ToRingMovie;
			productReference = 3133B857210CC5C300D096A0 /* ToRingMovie.app */;
			productType = "com.apple.product-type.application";
		};
/* End PBXNativeTarget section */

/* Begin PBXProject section */
		3133B84F210CC5C300D096A0 /* Project object */ = {
			isa = PBXProject;
			attributes = {
				LastSwiftUpdateCheck = 0900;
				LastUpgradeCheck = 0900;
				ORGANIZATIONNAME = ToRing;
				TargetAttributes = {
					3133B856210CC5C300D096A0 = {
						CreatedOnToolsVersion = 9.0;
						ProvisioningStyle = Automatic;
					};
				};
			};
			buildConfigurationList = 3133B852210CC5C300D096A0 /* Build configuration list for PBXProject "ToRingMovie" */;
			compatibilityVersion = "Xcode 8.0";
			developmentRegion = en;
			hasScannedForEncodings = 0;
			knownRegions = (
				en,
				Base,
			);
			mainGroup = 3133B84E210CC5C300D096A0;
			productRefGroup = 3133B858210CC5C300D096A0 /* Products */;
			projectDirPath = "";
			projectRoot = "";
			targets = (
				3133B856210CC5C300D096A0 /* ToRingMovie */,
			);
		};
/* End PBXProject section */

/* Begin PBXResourcesBuildPhase section */
		3133B855210CC5C300D096A0 /* Resources */ = {
			isa = PBXResourcesBuildPhase;
			buildActionMask = 2147483647;
			files = (
				3133B865210CC5C300D096A0 /* LaunchScreen.storyboard in Resources */,
				3133B862210CC5C300D096A0 /* Assets.xcassets in Resources */,
				3133B860210CC5C300D096A0 /* Main.storyboard in Resources */,
			);
			runOnlyForDeploymentPostprocessing = 0;
		};
/* End PBXResourcesBuildPhase section */

/* Begin PBXShellScriptBuildPhase section */
		26A7CAF7D7B4142FDDE84408 /* [CP] Copy Pods Resources */ = {
			isa = PBXShellScriptBuildPhase;
			buildActionMask = 2147483647;
			files = (
			);
			inputPaths = (
			);
			name = "[CP] Copy Pods Resources";
			outputPaths = (
			);
			runOnlyForDeploymentPostprocessing = 0;
			shellPath = /bin/sh;
			shellScript = "\"${SRCROOT}/Pods/Target Support Files/Pods-ToRingMovie/Pods-ToRingMovie-resources.sh\"\n";
			showEnvVarsInLog = 0;
		};
		4983AA0E53D0ECF9F983B219 /* [CP] Check Pods Manifest.lock */ = {
			isa = PBXShellScriptBuildPhase;
			buildActionMask = 2147483647;
			files = (
			);
			inputPaths = (
				"${PODS_PODFILE_DIR_PATH}/Podfile.lock",
				"${PODS_ROOT}/Manifest.lock",
			);
			name = "[CP] Check Pods Manifest.lock";
			outputPaths = (
				"$(DERIVED_FILE_DIR)/Pods-ToRingMovie-checkManifestLockResult.txt",
			);
			runOnlyForDeploymentPostprocessing = 0;
			shellPath = /bin/sh;
			shellScript = "diff \"${PODS_PODFILE_DIR_PATH}/Podfile.lock\" \"${PODS_ROOT}/Manifest.lock\" > /dev/null\nif [ $? != 0 ] ; then\n    # print error to STDERR\n    echo \"error: The sandbox is not in sync with the Podfile.lock. Run 'pod install' or update your CocoaPods installation.\" >&2\n    exit 1\nfi\n# This output is used by Xcode 'outputs' to avoid re-running this script phase.\necho \"SUCCESS\" > \"${SCRIPT_OUTPUT_FILE_0}\"\n";
			showEnvVarsInLog = 0;
		};
		BCFEB2733A7A61FB0B3ECF33 /* [CP] Embed Pods Frameworks */ = {
			isa = PBXShellScriptBuildPhase;
			buildActionMask = 2147483647;
			files = (
			);
			inputPaths = (
				"${SRCROOT}/Pods/Target Support Files/Pods-ToRingMovie/Pods-ToRingMovie-frameworks.sh",
				"${BUILT_PRODUCTS_DIR}/Alamofire/Alamofire.framework",
				"${BUILT_PRODUCTS_DIR}/Cosmos/Cosmos.framework",
				"${BUILT_PRODUCTS_DIR}/Kingfisher/Kingfisher.framework",
				"${BUILT_PRODUCTS_DIR}/SnapKit/SnapKit.framework",
				"${BUILT_PRODUCTS_DIR}/SwiftyJSON/SwiftyJSON.framework",
			);
			name = "[CP] Embed Pods Frameworks";
			outputPaths = (
				"${TARGET_BUILD_DIR}/${FRAMEWORKS_FOLDER_PATH}/Alamofire.framework",
				"${TARGET_BUILD_DIR}/${FRAMEWORKS_FOLDER_PATH}/Cosmos.framework",
				"${TARGET_BUILD_DIR}/${FRAMEWORKS_FOLDER_PATH}/Kingfisher.framework",
				"${TARGET_BUILD_DIR}/${FRAMEWORKS_FOLDER_PATH}/SnapKit.framework",
				"${TARGET_BUILD_DIR}/${FRAMEWORKS_FOLDER_PATH}/SwiftyJSON.framework",
			);
			runOnlyForDeploymentPostprocessing = 0;
			shellPath = /bin/sh;
			shellScript = "\"${SRCROOT}/Pods/Target Support Files/Pods-ToRingMovie/Pods-ToRingMovie-frameworks.sh\"\n";
			showEnvVarsInLog = 0;
		};
/* End PBXShellScriptBuildPhase section */

/* Begin PBXSourcesBuildPhase section */
		3133B853210CC5C300D096A0 /* Sources */ = {
			isa = PBXSourcesBuildPhase;
			buildActionMask = 2147483647;
			files = (
				3133B9ED210CCA8300D096A0 /* PopularMovieCell.swift in Sources */,
				31B200F1210E0B64008BED25 /* ColorCons.swift in Sources */,
				31E9EE772114983400E7898D /* FloatExtension.swift in Sources */,
				3133B9EF210CCA8300D096A0 /* HomeTVVC.swift in Sources */,
				31A4D99D211604D70067060D /* DetailMovieViewController.swift in Sources */,
				3128981921136BBF007D36D1 /* AnotherMoviePageCell.swift in Sources */,
				31E9EE792114984D00E7898D /* DoubleExtension.swift in Sources */,
				3133B9D9210CCA1700D096A0 /* Movie.swift in Sources */,
				312898172113654B007D36D1 /* TypeCell.swift in Sources */,
				3133B9EB210CCA8300D096A0 /* HomeVC.swift in Sources */,
				31B200F3210E11CB008BED25 /* ApiCons.swift in Sources */,
				31CB8CB52113361500716676 /* IntegerExtension.swift in Sources */,
				3133B9EE210CCA8300D096A0 /* HomeMovieVC.swift in Sources */,
				3153110721120E8D00440F3A /* PopularMovieItemCell.swift in Sources */,
				3133B9DD210CCA5200D096A0 /* GetImageURLUtil.swift in Sources */,
				3133B87A210CC96200D096A0 /* UICustomLoadingView.swift in Sources */,
				3133B85D210CC5C300D096A0 /* ViewController.swift in Sources */,
				31E9EE7521148B8600E7898D /* SecondMovieItemCell.swift in Sources */,
				3133B85B210CC5C300D096A0 /* AppDelegate.swift in Sources */,
				31E9EE6D2114031500E7898D /* AnotherMoveItemCell.swift in Sources */,
				3133B877210CC86600D096A0 /* StringExtension.swift in Sources */,
				3133B874210CC86600D096A0 /* TextSizeContant.swift in Sources */,
				3133B9DA210CCA1700D096A0 /* MovieRSP.swift in Sources */,
				3133B9EC210CCA8300D096A0 /* AnotherMovieCell.swift in Sources */,
				31E9EE732114783C00E7898D /* SecondMovieCell.swift in Sources */,
				3133B876210CC86600D096A0 /* ColorExtension.swift in Sources */,
			);
			runOnlyForDeploymentPostprocessing = 0;
		};
/* End PBXSourcesBuildPhase section */

/* Begin PBXVariantGroup section */
		3133B85E210CC5C300D096A0 /* Main.storyboard */ = {
			isa = PBXVariantGroup;
			children = (
				3133B85F210CC5C300D096A0 /* Base */,
			);
			name = Main.storyboard;
			sourceTree = "<group>";
		};
		3133B863210CC5C300D096A0 /* LaunchScreen.storyboard */ = {
			isa = PBXVariantGroup;
			children = (
				3133B864210CC5C300D096A0 /* Base */,
			);
			name = LaunchScreen.storyboard;
			sourceTree = "<group>";
		};
/* End PBXVariantGroup section */

/* Begin XCBuildConfiguration section */
		3133B867210CC5C300D096A0 /* Debug */ = {
			isa = XCBuildConfiguration;
			buildSettings = {
				ALWAYS_SEARCH_USER_PATHS = NO;
				CLANG_ANALYZER_NONNULL = YES;
				CLANG_ANALYZER_NUMBER_OBJECT_CONVERSION = YES_AGGRESSIVE;
				CLANG_CXX_LANGUAGE_STANDARD = "gnu++14";
				CLANG_CXX_LIBRARY = "libc++";
				CLANG_ENABLE_MODULES = YES;
				CLANG_ENABLE_OBJC_ARC = YES;
				CLANG_WARN_BLOCK_CAPTURE_AUTORELEASING = YES;
				CLANG_WARN_BOOL_CONVERSION = YES;
				CLANG_WARN_COMMA = YES;
				CLANG_WARN_CONSTANT_CONVERSION = YES;
				CLANG_WARN_DIRECT_OBJC_ISA_USAGE = YES_ERROR;
				CLANG_WARN_DOCUMENTATION_COMMENTS = YES;
				CLANG_WARN_EMPTY_BODY = YES;
				CLANG_WARN_ENUM_CONVERSION = YES;
				CLANG_WARN_INFINITE_RECURSION = YES;
				CLANG_WARN_INT_CONVERSION = YES;
				CLANG_WARN_NON_LITERAL_NULL_CONVERSION = YES;
				CLANG_WARN_OBJC_LITERAL_CONVERSION = YES;
				CLANG_WARN_OBJC_ROOT_CLASS = YES_ERROR;
				CLANG_WARN_RANGE_LOOP_ANALYSIS = YES;
				CLANG_WARN_STRICT_PROTOTYPES = YES;
				CLANG_WARN_SUSPICIOUS_MOVE = YES;
				CLANG_WARN_UNGUARDED_AVAILABILITY = YES_AGGRESSIVE;
				CLANG_WARN_UNREACHABLE_CODE = YES;
				CLANG_WARN__DUPLICATE_METHOD_MATCH = YES;
				CODE_SIGN_IDENTITY = "iPhone Developer";
				COPY_PHASE_STRIP = NO;
				DEBUG_INFORMATION_FORMAT = dwarf;
				ENABLE_STRICT_OBJC_MSGSEND = YES;
				ENABLE_TESTABILITY = YES;
				GCC_C_LANGUAGE_STANDARD = gnu11;
				GCC_DYNAMIC_NO_PIC = NO;
				GCC_NO_COMMON_BLOCKS = YES;
				GCC_OPTIMIZATION_LEVEL = 0;
				GCC_PREPROCESSOR_DEFINITIONS = (
					"DEBUG=1",
					"$(inherited)",
				);
				GCC_WARN_64_TO_32_BIT_CONVERSION = YES;
				GCC_WARN_ABOUT_RETURN_TYPE = YES_ERROR;
				GCC_WARN_UNDECLARED_SELECTOR = YES;
				GCC_WARN_UNINITIALIZED_AUTOS = YES_AGGRESSIVE;
				GCC_WARN_UNUSED_FUNCTION = YES;
				GCC_WARN_UNUSED_VARIABLE = YES;
				IPHONEOS_DEPLOYMENT_TARGET = 11.0;
				MTL_ENABLE_DEBUG_INFO = YES;
				ONLY_ACTIVE_ARCH = YES;
				SDKROOT = iphoneos;
				SWIFT_ACTIVE_COMPILATION_CONDITIONS = DEBUG;
				SWIFT_OPTIMIZATION_LEVEL = "-Onone";
			};
			name = Debug;
		};
		3133B868210CC5C300D096A0 /* Release */ = {
			isa = XCBuildConfiguration;
			buildSettings = {
				ALWAYS_SEARCH_USER_PATHS = NO;
				CLANG_ANALYZER_NONNULL = YES;
				CLANG_ANALYZER_NUMBER_OBJECT_CONVERSION = YES_AGGRESSIVE;
				CLANG_CXX_LANGUAGE_STANDARD = "gnu++14";
				CLANG_CXX_LIBRARY = "libc++";
				CLANG_ENABLE_MODULES = YES;
				CLANG_ENABLE_OBJC_ARC = YES;
				CLANG_WARN_BLOCK_CAPTURE_AUTORELEASING = YES;
				CLANG_WARN_BOOL_CONVERSION = YES;
				CLANG_WARN_COMMA = YES;
				CLANG_WARN_CONSTANT_CONVERSION = YES;
				CLANG_WARN_DIRECT_OBJC_ISA_USAGE = YES_ERROR;
				CLANG_WARN_DOCUMENTATION_COMMENTS = YES;
				CLANG_WARN_EMPTY_BODY = YES;
				CLANG_WARN_ENUM_CONVERSION = YES;
				CLANG_WARN_INFINITE_RECURSION = YES;
				CLANG_WARN_INT_CONVERSION = YES;
				CLANG_WARN_NON_LITERAL_NULL_CONVERSION = YES;
				CLANG_WARN_OBJC_LITERAL_CONVERSION = YES;
				CLANG_WARN_OBJC_ROOT_CLASS = YES_ERROR;
				CLANG_WARN_RANGE_LOOP_ANALYSIS = YES;
				CLANG_WARN_STRICT_PROTOTYPES = YES;
				CLANG_WARN_SUSPICIOUS_MOVE = YES;
				CLANG_WARN_UNGUARDED_AVAILABILITY = YES_AGGRESSIVE;
				CLANG_WARN_UNREACHABLE_CODE = YES;
				CLANG_WARN__DUPLICATE_METHOD_MATCH = YES;
				CODE_SIGN_IDENTITY = "iPhone Developer";
				COPY_PHASE_STRIP = NO;
				DEBUG_INFORMATION_FORMAT = "dwarf-with-dsym";
				ENABLE_NS_ASSERTIONS = NO;
				ENABLE_STRICT_OBJC_MSGSEND = YES;
				GCC_C_LANGUAGE_STANDARD = gnu11;
				GCC_NO_COMMON_BLOCKS = YES;
				GCC_WARN_64_TO_32_BIT_CONVERSION = YES;
				GCC_WARN_ABOUT_RETURN_TYPE = YES_ERROR;
				GCC_WARN_UNDECLARED_SELECTOR = YES;
				GCC_WARN_UNINITIALIZED_AUTOS = YES_AGGRESSIVE;
				GCC_WARN_UNUSED_FUNCTION = YES;
				GCC_WARN_UNUSED_VARIABLE = YES;
				IPHONEOS_DEPLOYMENT_TARGET = 11.0;
				MTL_ENABLE_DEBUG_INFO = NO;
				SDKROOT = iphoneos;
				SWIFT_OPTIMIZATION_LEVEL = "-Owholemodule";
				VALIDATE_PRODUCT = YES;
			};
			name = Release;
		};
		3133B86A210CC5C300D096A0 /* Debug */ = {
			isa = XCBuildConfiguration;
			baseConfigurationReference = 42F726DDF834809F6CFD3E81 /* Pods-ToRingMovie.debug.xcconfig */;
			buildSettings = {
				ASSETCATALOG_COMPILER_APPICON_NAME = AppIcon;
				CODE_SIGN_STYLE = Automatic;
				INFOPLIST_FILE = ToRingMovie/Info.plist;
				LD_RUNPATH_SEARCH_PATHS = "$(inherited) @executable_path/Frameworks";
				PRODUCT_BUNDLE_IDENTIFIER = ToRing.ToRingMovie;
				PRODUCT_NAME = "$(TARGET_NAME)";
				SWIFT_VERSION = 4.0;
				TARGETED_DEVICE_FAMILY = "1,2";
			};
			name = Debug;
		};
		3133B86B210CC5C300D096A0 /* Release */ = {
			isa = XCBuildConfiguration;
			baseConfigurationReference = 356AB1BAE1ED690FBE46F920 /* Pods-ToRingMovie.release.xcconfig */;
			buildSettings = {
				ASSETCATALOG_COMPILER_APPICON_NAME = AppIcon;
				CODE_SIGN_STYLE = Automatic;
				INFOPLIST_FILE = ToRingMovie/Info.plist;
				LD_RUNPATH_SEARCH_PATHS = "$(inherited) @executable_path/Frameworks";
				PRODUCT_BUNDLE_IDENTIFIER = ToRing.ToRingMovie;
				PRODUCT_NAME = "$(TARGET_NAME)";
				SWIFT_VERSION = 4.0;
				TARGETED_DEVICE_FAMILY = "1,2";
			};
			name = Release;
		};
/* End XCBuildConfiguration section */

/* Begin XCConfigurationList section */
		3133B852210CC5C300D096A0 /* Build configuration list for PBXProject "ToRingMovie" */ = {
			isa = XCConfigurationList;
			buildConfigurations = (
				3133B867210CC5C300D096A0 /* Debug */,
				3133B868210CC5C300D096A0 /* Release */,
			);
			defaultConfigurationIsVisible = 0;
			defaultConfigurationName = Release;
		};
		3133B869210CC5C300D096A0 /* Build configuration list for PBXNativeTarget "ToRingMovie" */ = {
			isa = XCConfigurationList;
			buildConfigurations = (
				3133B86A210CC5C300D096A0 /* Debug */,
				3133B86B210CC5C300D096A0 /* Release */,
			);
			defaultConfigurationIsVisible = 0;
			defaultConfigurationName = Release;
		};
/* End XCConfigurationList section */
	};
	rootObject = 3133B84F210CC5C300D096A0 /* Project object */;
}
